{
  "pins" : [
    {
      "identity" : "dpuikit",
      "kind" : "remoteSourceControl",
      "location" : "https://github.com/DPLibs/DPUIKit.git",
      "state" : {
        "revision" : "865c44d10f3d3b9c3764714b7afbe0612d463210",
        "version" : "5.0.1"
      }
    },
    {
      "identity" : "kingfisher",
      "kind" : "remoteSourceControl",
      "location" : "https://github.com/onevcat/Kingfisher.git",
      "state" : {
        "revision" : "8acda585eeb3b1ef72bffe0aa85f52a9bc16605c",
        "version" : "5.15.6"
      }
    }
  ],
  "version" : 2
}
